PODS:
  - AFNetworking (2.2.1):
    - AFNetworking/NSURLConnection
    - AFNetworking/NSURLSession
    - AFNetworking/Reachability
    - AFNetworking/Security
    - AFNetworking/Serialization
    - AFNetworking/UIKit
  - AFNetworking/NSURLConnection (2.2.1):
    - AFNetworking/Reachability
    - AFNetworking/Security
    - AFNetworking/Serialization
  - AFNetworking/NSURLSession (2.2.1):
    - AFNetworking/NSURLConnection
  - AFNetworking/Reachability (2.2.1)
  - AFNetworking/Security (2.2.1)
  - AFNetworking/Serialization (2.2.1)
  - AFNetworking/UIKit (2.2.1):
    - AFNetworking/NSURLConnection
    - AFNetworking/NSURLSession
  - AQGridView (1.3)
  - BlocksKit (2.2.0):
    - BlocksKit/All
  - BlocksKit/All (2.2.0):
    - BlocksKit/Core
    - BlocksKit/DynamicDelegate
    - BlocksKit/MessageUI
    - BlocksKit/UIKit
  - BlocksKit/Core (2.2.0)
  - BlocksKit/DynamicDelegate (2.2.0):
    - BlocksKit/MiniFFI
  - BlocksKit/MessageUI (2.2.0):
    - BlocksKit/Core
    - BlocksKit/DynamicDelegate
  - BlocksKit/MiniFFI (2.2.0)
  - BlocksKit/UIKit (2.2.0):
    - BlocksKit/Core
    - BlocksKit/DynamicDelegate
  - Bolts (1.0.0)
  - ConciseKit (0.1.2)
  - DACircularProgress (2.1.0)
  - DropdownMenu (1.0.0)
  - ECSlidingViewController (2.0.1)
  - EKKeyboardAvoiding (2.0)
  - Expecta (0.2.4)
  - Facebook-iOS-SDK (3.13.0)
  - FlatUIKit (1.3)
  - FLKAutoLayout (0.1.1)
  - FontAwesome-iOS (0.0.4)
  - FPBrandColors (0.1.3)
  - FXKeychain (1.5)
  - iCarousel (1.7.6)
  - IDMPhotoBrowser (1.3.2):
    - AFNetworking (~> 2.0.2)
    - DACircularProgress (~> 2.1.0)
    - SVProgressHUD (~> 1.0)
  - ionicons (1.1)
  - KeyboardController (1.0.0)
  - MBProgressHUD (0.8)
  - MCUIViewLayout (0.3.4)
  - MGBoxKit (2.1.1):
    - MGBoxKit/Categories
  - MGBoxKit/Categories (2.1.1)
  - MHTextField (0.0.3)
  - MKFoundationKit (1.1.0):
    - MKFoundationKit/AutoDescribe
    - MKFoundationKit/Base64
    - MKFoundationKit/Block
    - MKFoundationKit/NSArray
    - MKFoundationKit/NSDate
    - MKFoundationKit/NSDictionary
    - MKFoundationKit/NSNumber
    - MKFoundationKit/NSSet
    - MKFoundationKit/NSString
    - MKFoundationKit/Queue
    - MKFoundationKit/Stack
  - MKFoundationKit/AutoDescribe (1.1.0)
  - MKFoundationKit/Base64 (1.1.0)
  - MKFoundationKit/Block (1.1.0)
  - MKFoundationKit/NSArray (1.1.0)
  - MKFoundationKit/NSDate (1.1.0)
  - MKFoundationKit/NSDictionary (1.1.0)
  - MKFoundationKit/NSNumber (1.1.0)
  - MKFoundationKit/NSSet (1.1.0):
    - MKFoundationKit/Block
  - MKFoundationKit/NSString (1.1.0):
    - MKFoundationKit/Base64
  - MKFoundationKit/Queue (1.1.0)
  - MKFoundationKit/Stack (1.1.0)
  - MMDrawerController (0.5.3):
    - MMDrawerController/Core
    - MMDrawerController/MMDrawerBarButtonItem
    - MMDrawerController/MMDrawerVisualStates
    - MMDrawerController/Subclass
  - MMDrawerController/Core (0.5.3)
  - MMDrawerController/MMDrawerBarButtonItem (0.5.3):
    - MMDrawerController/Core
  - MMDrawerController/MMDrawerVisualStates (0.5.3):
    - MMDrawerController/Core
  - MMDrawerController/Subclass (0.5.3):
    - MMDrawerController/Core
  - MRProgress (0.3.1)
  - MSWeakTimer (1.1.0)
  - MZAppearance (1.1.1)
  - MZFormSheetController (2.3.2):
    - MZAppearance (~> 1.1.1)
  - NHBalancedFlowLayout (0.1.2)
  - NSLogger (1.2)
  - oauthconsumer (1.0.0)
  - ObjectiveSugar (1.1.0)
  - OCHamcrest (3.0.1)
  - OCMock (2.2.3)
  - OCMockito (1.1.0):
    - OCHamcrest (~> 3.0)
  - RDVKeyboardAvoiding (1.1.0)
  - ReactiveCocoa (2.2.4):
    - ReactiveCocoa/Core
    - ReactiveCocoa/no-arc
  - ReactiveCocoa/Core (2.2.4):
    - ReactiveCocoa/no-arc
  - ReactiveCocoa/no-arc (2.2.4)
  - REMenu (1.8.3)
  - RFRotate (1.0.0)
  - RNBlurModalView (0.1.0)
  - RNCryptor (2.2)
  - SBJson (4.0.0)
  - SDWebImage (3.5.4):
    - SDWebImage/Core
  - SDWebImage/Core (3.5.4)
  - Sequencer (1.0.1)
  - SKSlideViewController (0.0.1)
  - SVProgressHUD (1.0)
  - TPKeyboardAvoiding (1.2.3)
  - TYMActivityIndicatorView (0.2.0)
  - UIColor-Crayola (1.0)
  - UIImage-Categories (0.0.1)
  - ViewUtils (1.1.2)
  - WSLObjectSwitch (1.0.0)

DEPENDENCIES:
  - AFNetworking
  - AQGridView (~> 1.3)
  - BlocksKit
  - Bolts
  - ConciseKit
  - DropdownMenu
  - ECSlidingViewController (~> 2.0.0-beta2)
  - EKKeyboardAvoiding
  - Expecta (~> 0.2.3)
  - Facebook-iOS-SDK
  - FlatUIKit
  - FLKAutoLayout
  - FontAwesome-iOS (~> 0.0.4)
  - FPBrandColors (~> 0.1.3)
  - FXKeychain
  - iCarousel
  - IDMPhotoBrowser
  - ionicons
  - KeyboardController (~> 1.0.0)
  - MBProgressHUD (~> 0.8)
  - MCUIViewLayout (from `https://github.com/mirego/MCUIViewLayout.git`)
  - MGBoxKit
  - MGBoxKit (from `https://github.com/sobri909/MGBoxKit.git`, commit `7474eef2cb16b7f1338607115b3dc0a92ef88e71`)
  - MHTextField (~> 0.0.3)
  - MKFoundationKit (~> 1.1.0)
  - MMDrawerController (~> 0.5.2)
  - MRProgress (~> 0.3.1)
  - MSWeakTimer (~> 1.1.0)
  - MZFormSheetController
  - NHBalancedFlowLayout (~> 0.1.2)
  - NSLogger
  - oauthconsumer (from `~/Code/oauthconsumer/`)
  - ObjectiveSugar
  - OCHamcrest (~> 3.0.1)
  - OCMock
  - OCMockito (~> 1.0)
  - RDVKeyboardAvoiding
  - ReactiveCocoa
  - REMenu (~> 1.8)
  - RFRotate (from `~/Code/RFRotate`)
  - RNBlurModalView (~> 0.1.0)
  - RNCryptor (~> 2.2)
  - SBJson (~> 4.0.0)
  - SDWebImage
  - Sequencer
  - SKSlideViewController (~> 0.0.1)
  - TPKeyboardAvoiding
  - TYMActivityIndicatorView
  - UIColor-Crayola
  - UIImage-Categories (~> 0.0.1)
  - ViewUtils (~> 1.1.2)
  - WSLObjectSwitch (from `~/Code/WSLObjectSwitch`)

EXTERNAL SOURCES:
  MCUIViewLayout:
    :git: https://github.com/mirego/MCUIViewLayout.git
  MGBoxKit:
    :commit: 7474eef2cb16b7f1338607115b3dc0a92ef88e71
    :git: https://github.com/sobri909/MGBoxKit.git
  oauthconsumer:
    :path: ~/Code/oauthconsumer/
  RFRotate:
    :path: ~/Code/RFRotate
  WSLObjectSwitch:
    :path: ~/Code/WSLObjectSwitch

SPEC CHECKSUMS:
  AFNetworking: 0121f4b69be3fa58d1ab317866e036e12ac9651d
  AQGridView: ee436c64bc4a972ca7f3ce99971c0204af9e65ea
  BlocksKit: 1b106f407a11997fd79e1da31453758e51277613
  Bolts: 45bceb8be6243d242caf74308563bba02c2af2a3
  ConciseKit: 1e086a66d098ba160ca5faa86458a0431b280b30
  DACircularProgress: 8c8f20c8dffdd647fbf570ddecbc2b1b59da5888
  DropdownMenu: 3c454205c2db1fd39dc1ebf099114c4fdb73f136
  ECSlidingViewController: d7bb96ee5bbe261ed80ee16a513f94b9fd3c9767
  EKKeyboardAvoiding: b589dcaa5ff765818f69e69f03a1efab618d6953
  Expecta: 5c147dedfea5fbcf773995f7e65020abcc936ce5
  Facebook-iOS-SDK: 5788541337dc88265bc940cb5ffb05915f9b64e3
  FlatUIKit: 3b32b52bb3c266477709cfe4812ab2c877ae942b
  FLKAutoLayout: fc04b932009174d4118ef4bda9dc8fedf1369efc
  FontAwesome-iOS: 5e33a7bbabacdc8a177cb9d3d81876f0c7a272c1
  FPBrandColors: e0df3950b283d1a6d6c42d6b97f04a031ccf9e12
  FXKeychain: 90cc7bf9ba005e4d099a113a194792e7983c5778
  iCarousel: e23a26d7ba722215a42144e80adb0dcb59bebc41
  IDMPhotoBrowser: aee42ff18cdb1bf2f7326631094ad18f236d2ab9
  ionicons: 50c5368bc6e4dbd1a26559aff0b67f2ed8640c48
  KeyboardController: 368f5ebc3ceab64a863636db2a313648bbe1e643
  MBProgressHUD: 2bbc6f470111daf7f3eaa4eb12b8cbf01c4c0622
  MCUIViewLayout: db43d391388bcee6763ac3364c2109e32016f04d
  MGBoxKit: 5de9fd5f49539c30348ef750e2b9ea5a14374b88
  MHTextField: 299b04dd7ce5354554c4bf4b968da60a04d20fdd
  MKFoundationKit: db5b09c3d266b6476e605b6060096a62fd542b61
  MMDrawerController: 4445e1927e8947b7e2382136c9b7109840efbfb9
  MRProgress: 741d8849f3d6e71cf254b32ea8c0bc0b2a122136
  MSWeakTimer: 2cd8d15b58e634517e83a7e433782faa8214a27f
  MZAppearance: 8b02683f0019f725557ae9839ed6cab153fff669
  MZFormSheetController: 17c5e96a51e0c658dfe8cc032a7ed2c624113639
  NHBalancedFlowLayout: 95f1d7bffadc73bead84b63e7e4c37aa52975f7a
  NSLogger: 9607fdeafd0b09922c69615f99f127de45971b8f
  oauthconsumer: 96e97f21400a93ab501a0a98920e33766f8d6178
  ObjectiveSugar: fed588577bcf9733546aeaa089de444e4bab9a52
  OCHamcrest: 782c52ae8c673e5d6060a65005cfd26d20d519ba
  OCMock: 74e4ddbcef134170dcc844f91c691f13868075d7
  OCMockito: 317fa0cf75c9b0d73d2be335789c556537be7fd2
  RDVKeyboardAvoiding: d624b80508c45e9e14a9c7e2f23b2318887b110e
  ReactiveCocoa: 953a45dda30674fe704d1d9c77cc874141742f47
  REMenu: 527cca0af74cd247a7e29e6e46d92506492dd85b
  RFRotate: 32613810b400f04cce8b6e532f52fe9f59effb68
  RNBlurModalView: ab3855ced43749cb0fb4d370160bd2908476c8b6
  RNCryptor: 1420380792b33758d2414cf37af160ea2495e15c
  SBJson: f3c686806e8e36ab89e020189ac582ba26ec4220
  SDWebImage: 1a62010700adbba823b621fc217906739dbf6aa5
  Sequencer: ac64fdd704f83883536b73c7e5adc974fa285223
  SKSlideViewController: 98e4cee58146aaf8b24d300b9a32bc7c45cc5b25
  SVProgressHUD: 5e10939a296debf5fe5a5895eda9539b8b2114f1
  TPKeyboardAvoiding: 17995aaa6db26ac2a9fa8714a86509c5888f0392
  TYMActivityIndicatorView: 7fed923cbba6fa95b101a6cd51394c15ad30451f
  UIColor-Crayola: 20eacda0777fd487efba6831e2b34625e8ce3ceb
  UIImage-Categories: d9f10e0afb9b281b35a3c2b0c7d16d1ca251d824
  ViewUtils: e0b147bd0b2acfbf6b030f6a32b0c2bdd959df68
  WSLObjectSwitch: b43248112e4890014ebb2a125e05b3a8bbfb1b09

COCOAPODS: 0.29.0
