PODS:
  - AFNetworking (1.3.3)
  - BlocksKit (2.1.0):
    - BlocksKit/All
  - BlocksKit/All (2.1.0):
    - BlocksKit/Core
    - BlocksKit/DynamicDelegate
    - BlocksKit/MessageUI
    - BlocksKit/UIKit
  - BlocksKit/Core (2.1.0)
  - BlocksKit/DynamicDelegate (2.1.0):
    - BlocksKit/MiniFFI
  - BlocksKit/MessageUI (2.1.0):
    - BlocksKit/DynamicDelegate
  - BlocksKit/MiniFFI (2.1.0)
  - BlocksKit/UIKit (2.1.0):
    - BlocksKit/DynamicDelegate
  - ConciseKit (0.1.2)
  - Expecta (0.2.3)
  - GMGridView (1.1.1)
  - iCarousel (1.7.6)
  - ISO8601DateFormatterValueTransformer (0.5.0):
    - RKValueTransformers (~> 1.0.0)
  - MBProgressHUD (0.8)
  - MGBoxKit (2.1.1):
    - MGBoxKit/Categories
  - MGBoxKit/Categories (2.1.1)
  - MHTextField (0.0.3)
  - NSLogger (1.1)
  - OCHamcrest (3.0.1)
  - OCMock (2.2.1)
  - OCMockito (1.1.0):
    - OCHamcrest (~> 3.0)
  - RestKit (0.22.0):
    - RestKit/Core
  - RestKit/Core (0.22.0):
    - RestKit/CoreData
    - RestKit/Network
    - RestKit/ObjectMapping
  - RestKit/CoreData (0.22.0)
  - RestKit/Network (0.22.0):
    - AFNetworking (~> 1.3.0)
    - RestKit/ObjectMapping
    - RestKit/Support
    - SOCKit
  - RestKit/ObjectMapping (0.22.0):
    - ISO8601DateFormatterValueTransformer (~> 0.5.0)
    - RestKit/Support
    - RKValueTransformers (~> 1.0.1)
  - RestKit/Support (0.22.0):
    - TransitionKit (= 2.0.0)
  - RKValueTransformers (1.0.1)
  - SAMCache (0.2.0)
  - SBJson (3.2)
  - SDWebImage (3.5.1):
    - SDWebImage/Core
  - SDWebImage/Core (3.5.1)
  - SKSlideViewController (0.0.1)
  - SOCKit (1.1)
  - SSKeychain (1.2.1)
  - SSToolkit (1.0.4)
  - TransitionKit (2.0.0)
  - UIDevice-Helpers (0.0.1)
  - UIImage-Categories (0.0.1)

DEPENDENCIES:
  - BlocksKit (from `https://github.com/pandamonia/BlocksKit`, branch `next`)
  - ConciseKit
  - Expecta (~> 0.2.3)
  - GMGridView
  - iCarousel
  - MBProgressHUD (~> 0.8)
  - MGBoxKit
  - MHTextField (~> 0.0.3)
  - NSLogger
  - OCHamcrest (~> 3.0.1)
  - OCMock
  - OCMockito (~> 1.0)
  - RestKit
  - SAMCache
  - SBJson
  - SDWebImage
  - SKSlideViewController (~> 0.0.1)
  - SSKeychain
  - SSToolkit
  - UIDevice-Helpers (~> 0.0.1)
  - UIImage-Categories
  - UIImage-Categories (~> 0.0.1)

EXTERNAL SOURCES:
  BlocksKit:
    :branch: next
    :git: https://github.com/pandamonia/BlocksKit

SPEC CHECKSUMS:
  AFNetworking: 61fdd49e2ffe6380378df37b3b6e70630bb9dd66
  BlocksKit: 31b1d3dc97a77bc4ca66375b61a931c73508be2f
  ConciseKit: 1e086a66d098ba160ca5faa86458a0431b280b30
  Expecta: dbc4a27fabb853bdd2e907e33f11ee43a9a47d0c
  GMGridView: a17a31f010990eb8f802abb4cab50e6e03e993ea
  iCarousel: e23a26d7ba722215a42144e80adb0dcb59bebc41
  ISO8601DateFormatterValueTransformer: d0af1f50a9df42db72d7418db31938b8473e0af8
  MBProgressHUD: 2bbc6f470111daf7f3eaa4eb12b8cbf01c4c0622
  MGBoxKit: 5de9fd5f49539c30348ef750e2b9ea5a14374b88
  MHTextField: 299b04dd7ce5354554c4bf4b968da60a04d20fdd
  NSLogger: 4567fef08d0db18a89cce91b2053823fc0950738
  OCHamcrest: 782c52ae8c673e5d6060a65005cfd26d20d519ba
  OCMock: 80e4cfbc71a0e1bd28caf10a9fda27da7c4c8402
  OCMockito: 317fa0cf75c9b0d73d2be335789c556537be7fd2
  RestKit: dc107a0aa4f962575ad0385bac5b3c5e4f591f4e
  RKValueTransformers: 1562d458b9c9d59ce777bfc5982f2e1aef2e9182
  SAMCache: 0e89f0947169946b59063989d57c71587271d4c8
  SBJson: abc2bf2baef456d5dae213f9826fe2b6fdf19861
  SDWebImage: a408b548a634b792372e07e753fc1079aff5032a
  SKSlideViewController: 98e4cee58146aaf8b24d300b9a32bc7c45cc5b25
  SOCKit: 2f3bc4d07910de12dcc202815e07db68a3802581
  SSKeychain: d18926838c2e7cd342e2a49e9f869858e49f035a
  SSToolkit: 689acaedac79c2079e492e528a55bcb5db9d98c4
  TransitionKit: 433284465abacdc07852d7db6dd0cc075010059a
  UIDevice-Helpers: 330b79982f9edd5a52910b860508efc4d5362095
  UIImage-Categories: d9f10e0afb9b281b35a3c2b0c7d16d1ca251d824

COCOAPODS: 0.29.0
